
Microsoft Visual Studio Solution File, Format Version 12.00
# Visual Studio Version 16
VisualStudioVersion = 16.0.31410.357
MinimumVisualStudioVersion = 10.0.40219.1
Project("{FAE04EC0-301F-11D3-BF4B-00C04F79EFBC}") = "Carkifelek", "Carkifelek.csproj", "{62E44A80-15B5-4FEA-9F60-34F978BE7A5A}"
EndProject
Global
	GlobalSection(SolutionConfigurationPlatforms) = preSolution
		Debug|Any CPU = Debug|Any CPU
		Release|Any CPU = Release|Any CPU
	EndGlobalSection
	GlobalSection(ProjectConfigurationPlatforms) = postSolution
		{62E44A80-15B5-4FEA-9F60-34F978BE7A5A}.Debug|Any CPU.ActiveCfg = Debug|Any CPU
		{62E44A80-15B5-4FEA-9F60-34F978BE7A5A}.Debug|Any CPU.Build.0 = Debug|Any CPU
		{62E44A80-15B5-4FEA-9F60-34F978BE7A5A}.Release|Any CPU.ActiveCfg = Release|Any CPU
		{62E44A80-15B5-4FEA-9F60-34F978BE7A5A}.Release|Any CPU.Build.0 = Release|Any CPU
	EndGlobalSection
	GlobalSection(SolutionProperties) = preSolution
		HideSolutionNode = FALSE
	EndGlobalSection
	GlobalSection(ExtensibilityGlobals) = postSolution
		SolutionGuid = {7E05AC50-AE70-4876-8C64-5BABCF53C074}
	EndGlobalSection
EndGlobal
